Microsoft Visual Studio Solution File, Format Version 12.00
# Visual Studio Version 17
VisualStudioVersion = 17.5.2.0
MinimumVisualStudioVersion = 10.0.40219.1
Project("{FAE04EC0-301F-11D3-BF4B-00C04F79EFBC}") = "final project asp.net", "final project asp.net.csproj", "{4780CEE4-A0AC-D7B3-0C32-301E7AC4EA75}"
EndProject
Global
	GlobalSection(SolutionConfigurationPlatforms) = preSolution
		Debug|Any CPU = Debug|Any CPU
		Release|Any CPU = Release|Any CPU
	EndGlobalSection
	GlobalSection(ProjectConfigurationPlatforms) = postSolution
		{4780CEE4-A0AC-D7B3-0C32-301E7AC4EA75}.Debug|Any CPU.ActiveCfg = Debug|Any CPU
		{4780CEE4-A0AC-D7B3-0C32-301E7AC4EA75}.Debug|Any CPU.Build.0 = Debug|Any CPU
		{4780CEE4-A0AC-D7B3-0C32-301E7AC4EA75}.Release|Any CPU.ActiveCfg = Release|Any CPU
		{4780CEE4-A0AC-D7B3-0C32-301E7AC4EA75}.Release|Any CPU.Build.0 = Release|Any CPU
	EndGlobalSection
	GlobalSection(SolutionProperties) = preSolution
		HideSolutionNode = FALSE
	EndGlobalSection
	GlobalSection(ExtensibilityGlobals) = postSolution
		SolutionGuid = {DC43344A-F513-4286-9260-0159F1D3DD01}
	EndGlobalSection
EndGlobal
